
Microsoft Visual Studio Solution File, Format Version 12.00
# Visual Studio 14
VisualStudioVersion = 14.0.24720.0
MinimumVisualStudioVersion = 10.0.40219.1
Project("{FAE04EC0-301F-11D3-BF4B-00C04F79EFBC}") = "QWork.Extension", "QWork.Extension\QWork.Extension.csproj", "{45E87899-4A9A-4954-A2D7-3D9D6B4E0BC2}"
EndProject
Project("{FAE04EC0-301F-11D3-BF4B-00C04F79EFBC}") = "QWork.Core", "QWork.Core\QWork.Core.csproj", "{E42B9683-8542-4286-BF0A-38D6E8736D8B}"
EndProject
Project("{FAE04EC0-301F-11D3-BF4B-00C04F79EFBC}") = "QWork.Test.WindowsApplication", "QWork.Test.WindowsApplication\QWork.Test.WindowsApplication.csproj", "{3667FA0A-71B8-49CF-B30F-C366066E6584}"
EndProject
Project("{FAE04EC0-301F-11D3-BF4B-00C04F79EFBC}") = "QWork.Test.WebApplication", "QWork.Test.WebApplication\QWork.Test.WebApplication.csproj", "{B866AB5D-F0D6-447A-AD98-72CC06216650}"
EndProject
Project("{2150E333-8FDC-42A3-9474-1A3956D46DE8}") = "Core", "Core", "{825B803A-420A-475A-B4C1-7D9A0341A0D2}"
EndProject
Project("{2150E333-8FDC-42A3-9474-1A3956D46DE8}") = "Extension", "Extension", "{E3DD313A-BC61-4427-9803-609CD1064A1A}"
EndProject
Project("{FAE04EC0-301F-11D3-BF4B-00C04F79EFBC}") = "QWork.Extension.Web", "QWork.Extension.Web\QWork.Extension.Web.csproj", "{F8D90816-1BC5-4675-AA95-90D2BF7B59D5}"
EndProject
Project("{FAE04EC0-301F-11D3-BF4B-00C04F79EFBC}") = "QWork.Extension.Forms", "QWork.Extension.Form\QWork.Extension.Forms.csproj", "{D454226E-3C19-489D-883A-0DDF55F47F3C}"
EndProject
Project("{2150E333-8FDC-42A3-9474-1A3956D46DE8}") = "UnitTest", "UnitTest", "{EB392031-A81C-42E9-AF8D-AB241E6F0552}"
EndProject
Project("{FAE04EC0-301F-11D3-BF4B-00C04F79EFBC}") = "QWork.Extension.UnitTest", "QWork.Extension.UnitTest\QWork.Extension.UnitTest.csproj", "{53B36453-5480-456F-AC35-5961C59CC75A}"
EndProject
Global
	GlobalSection(SolutionConfigurationPlatforms) = preSolution
		Debug|Any CPU = Debug|Any CPU
		Release|Any CPU = Release|Any CPU
	EndGlobalSection
	GlobalSection(ProjectConfigurationPlatforms) = postSolution
		{45E87899-4A9A-4954-A2D7-3D9D6B4E0BC2}.Debug|Any CPU.ActiveCfg = Debug|Any CPU
		{45E87899-4A9A-4954-A2D7-3D9D6B4E0BC2}.Debug|Any CPU.Build.0 = Debug|Any CPU
		{45E87899-4A9A-4954-A2D7-3D9D6B4E0BC2}.Release|Any CPU.ActiveCfg = Release|Any CPU
		{45E87899-4A9A-4954-A2D7-3D9D6B4E0BC2}.Release|Any CPU.Build.0 = Release|Any CPU
		{E42B9683-8542-4286-BF0A-38D6E8736D8B}.Debug|Any CPU.ActiveCfg = Debug|Any CPU
		{E42B9683-8542-4286-BF0A-38D6E8736D8B}.Debug|Any CPU.Build.0 = Debug|Any CPU
		{E42B9683-8542-4286-BF0A-38D6E8736D8B}.Release|Any CPU.ActiveCfg = Release|Any CPU
		{E42B9683-8542-4286-BF0A-38D6E8736D8B}.Release|Any CPU.Build.0 = Release|Any CPU
		{3667FA0A-71B8-49CF-B30F-C366066E6584}.Debug|Any CPU.ActiveCfg = Debug|Any CPU
		{3667FA0A-71B8-49CF-B30F-C366066E6584}.Debug|Any CPU.Build.0 = Debug|Any CPU
		{3667FA0A-71B8-49CF-B30F-C366066E6584}.Release|Any CPU.ActiveCfg = Release|Any CPU
		{3667FA0A-71B8-49CF-B30F-C366066E6584}.Release|Any CPU.Build.0 = Release|Any CPU
		{B866AB5D-F0D6-447A-AD98-72CC06216650}.Debug|Any CPU.ActiveCfg = Debug|Any CPU
		{B866AB5D-F0D6-447A-AD98-72CC06216650}.Debug|Any CPU.Build.0 = Debug|Any CPU
		{B866AB5D-F0D6-447A-AD98-72CC06216650}.Release|Any CPU.ActiveCfg = Release|Any CPU
		{B866AB5D-F0D6-447A-AD98-72CC06216650}.Release|Any CPU.Build.0 = Release|Any CPU
		{F8D90816-1BC5-4675-AA95-90D2BF7B59D5}.Debug|Any CPU.ActiveCfg = Debug|Any CPU
		{F8D90816-1BC5-4675-AA95-90D2BF7B59D5}.Debug|Any CPU.Build.0 = Debug|Any CPU
		{F8D90816-1BC5-4675-AA95-90D2BF7B59D5}.Release|Any CPU.ActiveCfg = Release|Any CPU
		{F8D90816-1BC5-4675-AA95-90D2BF7B59D5}.Release|Any CPU.Build.0 = Release|Any CPU
		{D454226E-3C19-489D-883A-0DDF55F47F3C}.Debug|Any CPU.ActiveCfg = Debug|Any CPU
		{D454226E-3C19-489D-883A-0DDF55F47F3C}.Debug|Any CPU.Build.0 = Debug|Any CPU
		{D454226E-3C19-489D-883A-0DDF55F47F3C}.Release|Any CPU.ActiveCfg = Release|Any CPU
		{D454226E-3C19-489D-883A-0DDF55F47F3C}.Release|Any CPU.Build.0 = Release|Any CPU
		{53B36453-5480-456F-AC35-5961C59CC75A}.Debug|Any CPU.ActiveCfg = Debug|Any CPU
		{53B36453-5480-456F-AC35-5961C59CC75A}.Debug|Any CPU.Build.0 = Debug|Any CPU
		{53B36453-5480-456F-AC35-5961C59CC75A}.Release|Any CPU.ActiveCfg = Release|Any CPU
		{53B36453-5480-456F-AC35-5961C59CC75A}.Release|Any CPU.Build.0 = Release|Any CPU
	EndGlobalSection
	GlobalSection(SolutionProperties) = preSolution
		HideSolutionNode = FALSE
	EndGlobalSection
	GlobalSection(NestedProjects) = preSolution
		{45E87899-4A9A-4954-A2D7-3D9D6B4E0BC2} = {E3DD313A-BC61-4427-9803-609CD1064A1A}
		{E42B9683-8542-4286-BF0A-38D6E8736D8B} = {825B803A-420A-475A-B4C1-7D9A0341A0D2}
		{F8D90816-1BC5-4675-AA95-90D2BF7B59D5} = {E3DD313A-BC61-4427-9803-609CD1064A1A}
		{D454226E-3C19-489D-883A-0DDF55F47F3C} = {E3DD313A-BC61-4427-9803-609CD1064A1A}
		{53B36453-5480-456F-AC35-5961C59CC75A} = {EB392031-A81C-42E9-AF8D-AB241E6F0552}
	EndGlobalSection
EndGlobal
